
Microsoft Visual Studio Solution File, Format Version 12.00
# Visual Studio Version 17
VisualStudioVersion = 17.5.002.0
MinimumVisualStudioVersion = 10.0.40219.1
Project("{9A19103F-16F7-4668-BE54-9A1E7A4F7556}") = "blazor-barcode", "blazor-barcode.csproj", "{9EC5A8E9-F3EB-4103-914A-AFB5EFE72571}"
EndProject
Global
	GlobalSection(SolutionConfigurationPlatforms) = preSolution
		Debug|Any CPU = Debug|Any CPU
		Release|Any CPU = Release|Any CPU
	EndGlobalSection
	GlobalSection(ProjectConfigurationPlatforms) = postSolution
		{9EC5A8E9-F3EB-4103-914A-AFB5EFE72571}.Debug|Any CPU.ActiveCfg = Debug|Any CPU
		{9EC5A8E9-F3EB-4103-914A-AFB5EFE72571}.Debug|Any CPU.Build.0 = Debug|Any CPU
		{9EC5A8E9-F3EB-4103-914A-AFB5EFE72571}.Release|Any CPU.ActiveCfg = Release|Any CPU
		{9EC5A8E9-F3EB-4103-914A-AFB5EFE72571}.Release|Any CPU.Build.0 = Release|Any CPU
	EndGlobalSection
	GlobalSection(SolutionProperties) = preSolution
		HideSolutionNode = FALSE
	EndGlobalSection
	GlobalSection(ExtensibilityGlobals) = postSolution
		SolutionGuid = {15A26150-BE63-4057-9113-23FA6F98AE80}
	EndGlobalSection
EndGlobal
